
Microsoft Visual Studio Solution File, Format Version 12.00
# Visual Studio 15
VisualStudioVersion = 15.0.28307.168
MinimumVisualStudioVersion = 10.0.40219.1
Project("{FAE04EC0-301F-11D3-BF4B-00C04F79EFBC}") = "Shreddit.Android", "Shreddit\Shreddit.Android\Shreddit.Android.csproj", "{4DE09492-EDC9-4F3D-A494-5779009CA3C1}"
EndProject
Project("{FAE04EC0-301F-11D3-BF4B-00C04F79EFBC}") = "Shreddit.iOS", "Shreddit\Shreddit.iOS\Shreddit.iOS.csproj", "{DB4D37E2-F396-4ED1-8C7B-0A800593904E}"
EndProject
Project("{FAE04EC0-301F-11D3-BF4B-00C04F79EFBC}") = "Shreddit", "Shreddit\Shreddit\Shreddit.csproj", "{F5D5F8AB-0648-4359-9888-8F3ED8E792D4}"
EndProject
Global
	GlobalSection(SolutionConfigurationPlatforms) = preSolution
		Ad-Hoc|Any CPU = Ad-Hoc|Any CPU
		Ad-Hoc|iPhone = Ad-Hoc|iPhone
		Ad-Hoc|iPhoneSimulator = Ad-Hoc|iPhoneSimulator
		AppStore|Any CPU = AppStore|Any CPU
		AppStore|iPhone = AppStore|iPhone
		AppStore|iPhoneSimulator = AppStore|iPhoneSimulator
		Debug|Any CPU = Debug|Any CPU
		Debug|iPhone = Debug|iPhone
		Debug|iPhoneSimulator = Debug|iPhoneSimulator
		Release|Any CPU = Release|Any CPU
		Release|iPhone = Release|iPhone
		Release|iPhoneSimulator = Release|iPhoneSimulator
	EndGlobalSection
	GlobalSection(ProjectConfigurationPlatforms) = postSolution
		{4DE09492-EDC9-4F3D-A494-5779009CA3C1}.Ad-Hoc|Any CPU.ActiveCfg = Release|Any CPU
		{4DE09492-EDC9-4F3D-A494-5779009CA3C1}.Ad-Hoc|Any CPU.Build.0 = Release|Any CPU
		{4DE09492-EDC9-4F3D-A494-5779009CA3C1}.Ad-Hoc|Any CPU.Deploy.0 = Release|Any CPU
		{4DE09492-EDC9-4F3D-A494-5779009CA3C1}.Ad-Hoc|iPhone.ActiveCfg = Release|Any CPU
		{4DE09492-EDC9-4F3D-A494-5779009CA3C1}.Ad-Hoc|iPhone.Build.0 = Release|Any CPU
		{4DE09492-EDC9-4F3D-A494-5779009CA3C1}.Ad-Hoc|iPhone.Deploy.0 = Release|Any CPU
		{4DE09492-EDC9-4F3D-A494-5779009CA3C1}.Ad-Hoc|iPhoneSimulator.ActiveCfg = Release|Any CPU
		{4DE09492-EDC9-4F3D-A494-5779009CA3C1}.Ad-Hoc|iPhoneSimulator.Build.0 = Release|Any CPU
		{4DE09492-EDC9-4F3D-A494-5779009CA3C1}.Ad-Hoc|iPhoneSimulator.Deploy.0 = Release|Any CPU
		{4DE09492-EDC9-4F3D-A494-5779009CA3C1}.AppStore|Any CPU.ActiveCfg = Release|Any CPU
		{4DE09492-EDC9-4F3D-A494-5779009CA3C1}.AppStore|Any CPU.Build.0 = Release|Any CPU
		{4DE09492-EDC9-4F3D-A494-5779009CA3C1}.AppStore|Any CPU.Deploy.0 = Release|Any CPU
		{4DE09492-EDC9-4F3D-A494-5779009CA3C1}.AppStore|iPhone.ActiveCfg = Release|Any CPU
		{4DE09492-EDC9-4F3D-A494-5779009CA3C1}.AppStore|iPhone.Build.0 = Release|Any CPU
		{4DE09492-EDC9-4F3D-A494-5779009CA3C1}.AppStore|iPhone.Deploy.0 = Release|Any CPU
		{4DE09492-EDC9-4F3D-A494-5779009CA3C1}.AppStore|iPhoneSimulator.ActiveCfg = Release|Any CPU
		{4DE09492-EDC9-4F3D-A494-5779009CA3C1}.AppStore|iPhoneSimulator.Build.0 = Release|Any CPU
		{4DE09492-EDC9-4F3D-A494-5779009CA3C1}.AppStore|iPhoneSimulator.Deploy.0 = Release|Any CPU
		{4DE09492-EDC9-4F3D-A494-5779009CA3C1}.Debug|Any CPU.ActiveCfg = Debug|Any CPU
		{4DE09492-EDC9-4F3D-A494-5779009CA3C1}.Debug|Any CPU.Build.0 = Debug|Any CPU
		{4DE09492-EDC9-4F3D-A494-5779009CA3C1}.Debug|Any CPU.Deploy.0 = Debug|Any CPU
		{4DE09492-EDC9-4F3D-A494-5779009CA3C1}.Debug|iPhone.ActiveCfg = Debug|Any CPU
		{4DE09492-EDC9-4F3D-A494-5779009CA3C1}.Debug|iPhone.Build.0 = Debug|Any CPU
		{4DE09492-EDC9-4F3D-A494-5779009CA3C1}.Debug|iPhone.Deploy.0 = Debug|Any CPU
		{4DE09492-EDC9-4F3D-A494-5779009CA3C1}.Debug|iPhoneSimulator.ActiveCfg = Debug|Any CPU
		{4DE09492-EDC9-4F3D-A494-5779009CA3C1}.Debug|iPhoneSimulator.Build.0 = Debug|Any CPU
		{4DE09492-EDC9-4F3D-A494-5779009CA3C1}.Debug|iPhoneSimulator.Deploy.0 = Debug|Any CPU
		{4DE09492-EDC9-4F3D-A494-5779009CA3C1}.Release|Any CPU.ActiveCfg = Release|Any CPU
		{4DE09492-EDC9-4F3D-A494-5779009CA3C1}.Release|Any CPU.Build.0 = Release|Any CPU
		{4DE09492-EDC9-4F3D-A494-5779009CA3C1}.Release|Any CPU.Deploy.0 = Release|Any CPU
		{4DE09492-EDC9-4F3D-A494-5779009CA3C1}.Release|iPhone.ActiveCfg = Release|Any CPU
		{4DE09492-EDC9-4F3D-A494-5779009CA3C1}.Release|iPhone.Build.0 = Release|Any CPU
		{4DE09492-EDC9-4F3D-A494-5779009CA3C1}.Release|iPhone.Deploy.0 = Release|Any CPU
		{4DE09492-EDC9-4F3D-A494-5779009CA3C1}.Release|iPhoneSimulator.ActiveCfg = Release|Any CPU
		{4DE09492-EDC9-4F3D-A494-5779009CA3C1}.Release|iPhoneSimulator.Build.0 = Release|Any CPU
		{4DE09492-EDC9-4F3D-A494-5779009CA3C1}.Release|iPhoneSimulator.Deploy.0 = Release|Any CPU
		{DB4D37E2-F396-4ED1-8C7B-0A800593904E}.Ad-Hoc|Any CPU.ActiveCfg = Ad-Hoc|iPhone
		{DB4D37E2-F396-4ED1-8C7B-0A800593904E}.Ad-Hoc|Any CPU.Build.0 = Ad-Hoc|iPhone
		{DB4D37E2-F396-4ED1-8C7B-0A800593904E}.Ad-Hoc|Any CPU.Deploy.0 = Ad-Hoc|iPhone
		{DB4D37E2-F396-4ED1-8C7B-0A800593904E}.Ad-Hoc|iPhone.ActiveCfg = Ad-Hoc|iPhone
		{DB4D37E2-F396-4ED1-8C7B-0A800593904E}.Ad-Hoc|iPhone.Build.0 = Ad-Hoc|iPhone
		{DB4D37E2-F396-4ED1-8C7B-0A800593904E}.Ad-Hoc|iPhone.Deploy.0 = Ad-Hoc|iPhone
		{DB4D37E2-F396-4ED1-8C7B-0A800593904E}.Ad-Hoc|iPhoneSimulator.ActiveCfg = Ad-Hoc|iPhoneSimulator
		{DB4D37E2-F396-4ED1-8C7B-0A800593904E}.Ad-Hoc|iPhoneSimulator.Build.0 = Ad-Hoc|iPhoneSimulator
		{DB4D37E2-F396-4ED1-8C7B-0A800593904E}.Ad-Hoc|iPhoneSimulator.Deploy.0 = Ad-Hoc|iPhoneSimulator
		{DB4D37E2-F396-4ED1-8C7B-0A800593904E}.AppStore|Any CPU.ActiveCfg = AppStore|iPhone
		{DB4D37E2-F396-4ED1-8C7B-0A800593904E}.AppStore|Any CPU.Build.0 = AppStore|iPhone
		{DB4D37E2-F396-4ED1-8C7B-0A800593904E}.AppStore|Any CPU.Deploy.0 = AppStore|iPhone
		{DB4D37E2-F396-4ED1-8C7B-0A800593904E}.AppStore|iPhone.ActiveCfg = AppStore|iPhone
		{DB4D37E2-F396-4ED1-8C7B-0A800593904E}.AppStore|iPhone.Build.0 = AppStore|iPhone
		{DB4D37E2-F396-4ED1-8C7B-0A800593904E}.AppStore|iPhone.Deploy.0 = AppStore|iPhone
		{DB4D37E2-F396-4ED1-8C7B-0A800593904E}.AppStore|iPhoneSimulator.ActiveCfg = AppStore|iPhoneSimulator
		{DB4D37E2-F396-4ED1-8C7B-0A800593904E}.AppStore|iPhoneSimulator.Build.0 = AppStore|iPhoneSimulator
		{DB4D37E2-F396-4ED1-8C7B-0A800593904E}.AppStore|iPhoneSimulator.Deploy.0 = AppStore|iPhoneSimulator
		{DB4D37E2-F396-4ED1-8C7B-0A800593904E}.Debug|Any CPU.ActiveCfg = Debug|iPhoneSimulator
		{DB4D37E2-F396-4ED1-8C7B-0A800593904E}.Debug|Any CPU.Build.0 = Debug|iPhoneSimulator
		{DB4D37E2-F396-4ED1-8C7B-0A800593904E}.Debug|Any CPU.Deploy.0 = Debug|iPhoneSimulator
		{DB4D37E2-F396-4ED1-8C7B-0A800593904E}.Debug|iPhone.ActiveCfg = Debug|iPhone
		{DB4D37E2-F396-4ED1-8C7B-0A800593904E}.Debug|iPhone.Build.0 = Debug|iPhone
		{DB4D37E2-F396-4ED1-8C7B-0A800593904E}.Debug|iPhone.Deploy.0 = Debug|iPhone
		{DB4D37E2-F396-4ED1-8C7B-0A800593904E}.Debug|iPhoneSimulator.ActiveCfg = Debug|iPhoneSimulator
		{DB4D37E2-F396-4ED1-8C7B-0A800593904E}.Debug|iPhoneSimulator.Build.0 = Debug|iPhoneSimulator
		{DB4D37E2-F396-4ED1-8C7B-0A800593904E}.Debug|iPhoneSimulator.Deploy.0 = Debug|iPhoneSimulator
		{DB4D37E2-F396-4ED1-8C7B-0A800593904E}.Release|Any CPU.ActiveCfg = Release|iPhone
		{DB4D37E2-F396-4ED1-8C7B-0A800593904E}.Release|Any CPU.Build.0 = Release|iPhone
		{DB4D37E2-F396-4ED1-8C7B-0A800593904E}.Release|Any CPU.Deploy.0 = Release|iPhone
		{DB4D37E2-F396-4ED1-8C7B-0A800593904E}.Release|iPhone.ActiveCfg = Release|iPhone
		{DB4D37E2-F396-4ED1-8C7B-0A800593904E}.Release|iPhone.Build.0 = Release|iPhone
		{DB4D37E2-F396-4ED1-8C7B-0A800593904E}.Release|iPhone.Deploy.0 = Release|iPhone
		{DB4D37E2-F396-4ED1-8C7B-0A800593904E}.Release|iPhoneSimulator.ActiveCfg = Release|iPhoneSimulator
		{DB4D37E2-F396-4ED1-8C7B-0A800593904E}.Release|iPhoneSimulator.Build.0 = Release|iPhoneSimulator
		{DB4D37E2-F396-4ED1-8C7B-0A800593904E}.Release|iPhoneSimulator.Deploy.0 = Release|iPhoneSimulator
		{F5D5F8AB-0648-4359-9888-8F3ED8E792D4}.Ad-Hoc|Any CPU.ActiveCfg = Debug|Any CPU
		{F5D5F8AB-0648-4359-9888-8F3ED8E792D4}.Ad-Hoc|Any CPU.Build.0 = Debug|Any CPU
		{F5D5F8AB-0648-4359-9888-8F3ED8E792D4}.Ad-Hoc|Any CPU.Deploy.0 = Debug|Any CPU
		{F5D5F8AB-0648-4359-9888-8F3ED8E792D4}.Ad-Hoc|iPhone.ActiveCfg = Debug|Any CPU
		{F5D5F8AB-0648-4359-9888-8F3ED8E792D4}.Ad-Hoc|iPhone.Build.0 = Debug|Any CPU
		{F5D5F8AB-0648-4359-9888-8F3ED8E792D4}.Ad-Hoc|iPhone.Deploy.0 = Debug|Any CPU
		{F5D5F8AB-0648-4359-9888-8F3ED8E792D4}.Ad-Hoc|iPhoneSimulator.ActiveCfg = Debug|Any CPU
		{F5D5F8AB-0648-4359-9888-8F3ED8E792D4}.Ad-Hoc|iPhoneSimulator.Build.0 = Debug|Any CPU
		{F5D5F8AB-0648-4359-9888-8F3ED8E792D4}.Ad-Hoc|iPhoneSimulator.Deploy.0 = Debug|Any CPU
		{F5D5F8AB-0648-4359-9888-8F3ED8E792D4}.AppStore|Any CPU.ActiveCfg = Debug|Any CPU
		{F5D5F8AB-0648-4359-9888-8F3ED8E792D4}.AppStore|Any CPU.Build.0 = Debug|Any CPU
		{F5D5F8AB-0648-4359-9888-8F3ED8E792D4}.AppStore|Any CPU.Deploy.0 = Debug|Any CPU
		{F5D5F8AB-0648-4359-9888-8F3ED8E792D4}.AppStore|iPhone.ActiveCfg = Debug|Any CPU
		{F5D5F8AB-0648-4359-9888-8F3ED8E792D4}.AppStore|iPhone.Build.0 = Debug|Any CPU
		{F5D5F8AB-0648-4359-9888-8F3ED8E792D4}.AppStore|iPhone.Deploy.0 = Debug|Any CPU
		{F5D5F8AB-0648-4359-9888-8F3ED8E792D4}.AppStore|iPhoneSimulator.ActiveCfg = Debug|Any CPU
		{F5D5F8AB-0648-4359-9888-8F3ED8E792D4}.AppStore|iPhoneSimulator.Build.0 = Debug|Any CPU
		{F5D5F8AB-0648-4359-9888-8F3ED8E792D4}.AppStore|iPhoneSimulator.Deploy.0 = Debug|Any CPU
		{F5D5F8AB-0648-4359-9888-8F3ED8E792D4}.Debug|Any CPU.ActiveCfg = Debug|Any CPU
		{F5D5F8AB-0648-4359-9888-8F3ED8E792D4}.Debug|Any CPU.Build.0 = Debug|Any CPU
		{F5D5F8AB-0648-4359-9888-8F3ED8E792D4}.Debug|Any CPU.Deploy.0 = Debug|Any CPU
		{F5D5F8AB-0648-4359-9888-8F3ED8E792D4}.Debug|iPhone.ActiveCfg = Debug|Any CPU
		{F5D5F8AB-0648-4359-9888-8F3ED8E792D4}.Debug|iPhone.Build.0 = Debug|Any CPU
		{F5D5F8AB-0648-4359-9888-8F3ED8E792D4}.Debug|iPhone.Deploy.0 = Debug|Any CPU
		{F5D5F8AB-0648-4359-9888-8F3ED8E792D4}.Debug|iPhoneSimulator.ActiveCfg = Debug|Any CPU
		{F5D5F8AB-0648-4359-9888-8F3ED8E792D4}.Debug|iPhoneSimulator.Build.0 = Debug|Any CPU
		{F5D5F8AB-0648-4359-9888-8F3ED8E792D4}.Debug|iPhoneSimulator.Deploy.0 = Debug|Any CPU
		{F5D5F8AB-0648-4359-9888-8F3ED8E792D4}.Release|Any CPU.ActiveCfg = Release|Any CPU
		{F5D5F8AB-0648-4359-9888-8F3ED8E792D4}.Release|Any CPU.Build.0 = Release|Any CPU
		{F5D5F8AB-0648-4359-9888-8F3ED8E792D4}.Release|Any CPU.Deploy.0 = Release|Any CPU
		{F5D5F8AB-0648-4359-9888-8F3ED8E792D4}.Release|iPhone.ActiveCfg = Release|Any CPU
		{F5D5F8AB-0648-4359-9888-8F3ED8E792D4}.Release|iPhone.Build.0 = Release|Any CPU
		{F5D5F8AB-0648-4359-9888-8F3ED8E792D4}.Release|iPhone.Deploy.0 = Release|Any CPU
		{F5D5F8AB-0648-4359-9888-8F3ED8E792D4}.Release|iPhoneSimulator.ActiveCfg = Release|Any CPU
		{F5D5F8AB-0648-4359-9888-8F3ED8E792D4}.Release|iPhoneSimulator.Build.0 = Release|Any CPU
		{F5D5F8AB-0648-4359-9888-8F3ED8E792D4}.Release|iPhoneSimulator.Deploy.0 = Release|Any CPU
	EndGlobalSection
	GlobalSection(SolutionProperties) = preSolution
		HideSolutionNode = FALSE
	EndGlobalSection
	GlobalSection(ExtensibilityGlobals) = postSolution
		SolutionGuid = {EB338B4C-2B3C-4A56-9ADE-5F25B34B8771}
	EndGlobalSection
EndGlobal
